
Microsoft Visual Studio Solution File, Format Version 12.00
# Visual Studio Version 16
VisualStudioVersion = 16.0.30114.105
MinimumVisualStudioVersion = 10.0.40219.1
Project("{9A19103F-16F7-4668-BE54-9A1E7A4F7556}") = "A", "A\A.csproj", "{EA3BF235-2754-42D5-B997-1F3BAD595293}"
EndProject
Project("{9A19103F-16F7-4668-BE54-9A1E7A4F7556}") = "B", "B\B.csproj", "{6FA98492-1FBC-4A87-A240-B40FAE01BC26}"
EndProject
Project("{9A19103F-16F7-4668-BE54-9A1E7A4F7556}") = "C", "C\C.csproj", "{94F10410-4C22-4EF4-91C3-BF76588CE639}"
EndProject
Project("{9A19103F-16F7-4668-BE54-9A1E7A4F7556}") = "D", "D\D.csproj", "{22986E86-FA9A-41E6-A4C8-28C9B44F2FBA}"
EndProject
Project("{9A19103F-16F7-4668-BE54-9A1E7A4F7556}") = "E", "E\E.csproj", "{27DC7B4A-5DF3-4639-88D3-3E0669CFFFE1}"
EndProject
Project("{9A19103F-16F7-4668-BE54-9A1E7A4F7556}") = "F", "F\F.csproj", "{7341CA78-0CBF-4D82-B6F5-81AFF6C99B53}"
EndProject
Project("{9A19103F-16F7-4668-BE54-9A1E7A4F7556}") = "G", "G\G.csproj", "{BC797AD9-758B-4632-B531-81F82AEA8920}"
EndProject
Project("{9A19103F-16F7-4668-BE54-9A1E7A4F7556}") = "H", "H\H.csproj", "{E6F41035-4D34-4991-A822-C99948896805}"
EndProject
Project("{9A19103F-16F7-4668-BE54-9A1E7A4F7556}") = "I", "I\I.csproj", "{8E98F2C9-6377-4BF9-847A-5776E6DDC8F7}"
EndProject
Project("{9A19103F-16F7-4668-BE54-9A1E7A4F7556}") = "J", "J\J.csproj", "{F19A6338-24F1-445D-908E-EB4AF7CA9A91}"
EndProject
Project("{9A19103F-16F7-4668-BE54-9A1E7A4F7556}") = "K", "K\K.csproj", "{A3B8E729-E0F2-49BD-B0DC-A0DECDC1D949}"
EndProject
Project("{9A19103F-16F7-4668-BE54-9A1E7A4F7556}") = "L", "L\L.csproj", "{BBE643D5-8100-4D8C-A1EF-C920D143FB12}"
EndProject
Project("{9A19103F-16F7-4668-BE54-9A1E7A4F7556}") = "M", "M\M.csproj", "{C4424347-8C0F-4A49-A04C-181B62B7141C}"
EndProject
Project("{9A19103F-16F7-4668-BE54-9A1E7A4F7556}") = "N", "N\N.csproj", "{B1832826-8A8B-41F9-A4FB-1137C299268F}"
EndProject
Project("{9A19103F-16F7-4668-BE54-9A1E7A4F7556}") = "O", "O\O.csproj", "{D5E6F65A-5A89-4332-8C42-D17E083EC1A9}"
EndProject
Project("{2150E333-8FDC-42A3-9474-1A3956D46DE8}") = "Solution Items", "Solution Items", "{A585B841-47C4-4EC4-BAA3-11456E9960A5}"
	ProjectSection(SolutionItems) = preProject
		..\AlgorithmSkillTest _Practice\MyLib\MyLib.cs = ..\AlgorithmSkillTest _Practice\MyLib\MyLib.cs
	EndProjectSection
EndProject
Project("{8BC9CEB8-8B4A-11D0-8D11-00A0C91BC942}") = "C_c++", "C_c++\C_c++.vcxproj", "{7C8AC59D-7616-499B-B19B-D5A76562B47D}"
EndProject
Global
	GlobalSection(SolutionConfigurationPlatforms) = preSolution
		Debug|Any CPU = Debug|Any CPU
		Debug|x64 = Debug|x64
		Debug|x86 = Debug|x86
		Release|Any CPU = Release|Any CPU
		Release|x64 = Release|x64
		Release|x86 = Release|x86
	EndGlobalSection
	GlobalSection(ProjectConfigurationPlatforms) = postSolution
		{EA3BF235-2754-42D5-B997-1F3BAD595293}.Debug|Any CPU.ActiveCfg = Debug|Any CPU
		{EA3BF235-2754-42D5-B997-1F3BAD595293}.Debug|Any CPU.Build.0 = Debug|Any CPU
		{EA3BF235-2754-42D5-B997-1F3BAD595293}.Debug|x64.ActiveCfg = Debug|Any CPU
		{EA3BF235-2754-42D5-B997-1F3BAD595293}.Debug|x64.Build.0 = Debug|Any CPU
		{EA3BF235-2754-42D5-B997-1F3BAD595293}.Debug|x86.ActiveCfg = Debug|Any CPU
		{EA3BF235-2754-42D5-B997-1F3BAD595293}.Debug|x86.Build.0 = Debug|Any CPU
		{EA3BF235-2754-42D5-B997-1F3BAD595293}.Release|Any CPU.ActiveCfg = Release|Any CPU
		{EA3BF235-2754-42D5-B997-1F3BAD595293}.Release|Any CPU.Build.0 = Release|Any CPU
		{EA3BF235-2754-42D5-B997-1F3BAD595293}.Release|x64.ActiveCfg = Release|Any CPU
		{EA3BF235-2754-42D5-B997-1F3BAD595293}.Release|x64.Build.0 = Release|Any CPU
		{EA3BF235-2754-42D5-B997-1F3BAD595293}.Release|x86.ActiveCfg = Release|Any CPU
		{EA3BF235-2754-42D5-B997-1F3BAD595293}.Release|x86.Build.0 = Release|Any CPU
		{6FA98492-1FBC-4A87-A240-B40FAE01BC26}.Debug|Any CPU.ActiveCfg = Debug|Any CPU
		{6FA98492-1FBC-4A87-A240-B40FAE01BC26}.Debug|Any CPU.Build.0 = Debug|Any CPU
		{6FA98492-1FBC-4A87-A240-B40FAE01BC26}.Debug|x64.ActiveCfg = Debug|Any CPU
		{6FA98492-1FBC-4A87-A240-B40FAE01BC26}.Debug|x64.Build.0 = Debug|Any CPU
		{6FA98492-1FBC-4A87-A240-B40FAE01BC26}.Debug|x86.ActiveCfg = Debug|Any CPU
		{6FA98492-1FBC-4A87-A240-B40FAE01BC26}.Debug|x86.Build.0 = Debug|Any CPU
		{6FA98492-1FBC-4A87-A240-B40FAE01BC26}.Release|Any CPU.ActiveCfg = Release|Any CPU
		{6FA98492-1FBC-4A87-A240-B40FAE01BC26}.Release|Any CPU.Build.0 = Release|Any CPU
		{6FA98492-1FBC-4A87-A240-B40FAE01BC26}.Release|x64.ActiveCfg = Release|Any CPU
		{6FA98492-1FBC-4A87-A240-B40FAE01BC26}.Release|x64.Build.0 = Release|Any CPU
		{6FA98492-1FBC-4A87-A240-B40FAE01BC26}.Release|x86.ActiveCfg = Release|Any CPU
		{6FA98492-1FBC-4A87-A240-B40FAE01BC26}.Release|x86.Build.0 = Release|Any CPU
		{94F10410-4C22-4EF4-91C3-BF76588CE639}.Debug|Any CPU.ActiveCfg = Debug|Any CPU
		{94F10410-4C22-4EF4-91C3-BF76588CE639}.Debug|Any CPU.Build.0 = Debug|Any CPU
		{94F10410-4C22-4EF4-91C3-BF76588CE639}.Debug|x64.ActiveCfg = Debug|Any CPU
		{94F10410-4C22-4EF4-91C3-BF76588CE639}.Debug|x64.Build.0 = Debug|Any CPU
		{94F10410-4C22-4EF4-91C3-BF76588CE639}.Debug|x86.ActiveCfg = Debug|Any CPU
		{94F10410-4C22-4EF4-91C3-BF76588CE639}.Debug|x86.Build.0 = Debug|Any CPU
		{94F10410-4C22-4EF4-91C3-BF76588CE639}.Release|Any CPU.ActiveCfg = Release|Any CPU
		{94F10410-4C22-4EF4-91C3-BF76588CE639}.Release|Any CPU.Build.0 = Release|Any CPU
		{94F10410-4C22-4EF4-91C3-BF76588CE639}.Release|x64.ActiveCfg = Release|Any CPU
		{94F10410-4C22-4EF4-91C3-BF76588CE639}.Release|x64.Build.0 = Release|Any CPU
		{94F10410-4C22-4EF4-91C3-BF76588CE639}.Release|x86.ActiveCfg = Release|Any CPU
		{94F10410-4C22-4EF4-91C3-BF76588CE639}.Release|x86.Build.0 = Release|Any CPU
		{22986E86-FA9A-41E6-A4C8-28C9B44F2FBA}.Debug|Any CPU.ActiveCfg = Debug|Any CPU
		{22986E86-FA9A-41E6-A4C8-28C9B44F2FBA}.Debug|Any CPU.Build.0 = Debug|Any CPU
		{22986E86-FA9A-41E6-A4C8-28C9B44F2FBA}.Debug|x64.ActiveCfg = Debug|Any CPU
		{22986E86-FA9A-41E6-A4C8-28C9B44F2FBA}.Debug|x64.Build.0 = Debug|Any CPU
		{22986E86-FA9A-41E6-A4C8-28C9B44F2FBA}.Debug|x86.ActiveCfg = Debug|Any CPU
		{22986E86-FA9A-41E6-A4C8-28C9B44F2FBA}.Debug|x86.Build.0 = Debug|Any CPU
		{22986E86-FA9A-41E6-A4C8-28C9B44F2FBA}.Release|Any CPU.ActiveCfg = Release|Any CPU
		{22986E86-FA9A-41E6-A4C8-28C9B44F2FBA}.Release|Any CPU.Build.0 = Release|Any CPU
		{22986E86-FA9A-41E6-A4C8-28C9B44F2FBA}.Release|x64.ActiveCfg = Release|Any CPU
		{22986E86-FA9A-41E6-A4C8-28C9B44F2FBA}.Release|x64.Build.0 = Release|Any CPU
		{22986E86-FA9A-41E6-A4C8-28C9B44F2FBA}.Release|x86.ActiveCfg = Release|Any CPU
		{22986E86-FA9A-41E6-A4C8-28C9B44F2FBA}.Release|x86.Build.0 = Release|Any CPU
		{27DC7B4A-5DF3-4639-88D3-3E0669CFFFE1}.Debug|Any CPU.ActiveCfg = Debug|Any CPU
		{27DC7B4A-5DF3-4639-88D3-3E0669CFFFE1}.Debug|Any CPU.Build.0 = Debug|Any CPU
		{27DC7B4A-5DF3-4639-88D3-3E0669CFFFE1}.Debug|x64.ActiveCfg = Debug|Any CPU
		{27DC7B4A-5DF3-4639-88D3-3E0669CFFFE1}.Debug|x64.Build.0 = Debug|Any CPU
		{27DC7B4A-5DF3-4639-88D3-3E0669CFFFE1}.Debug|x86.ActiveCfg = Debug|Any CPU
		{27DC7B4A-5DF3-4639-88D3-3E0669CFFFE1}.Debug|x86.Build.0 = Debug|Any CPU
		{27DC7B4A-5DF3-4639-88D3-3E0669CFFFE1}.Release|Any CPU.ActiveCfg = Release|Any CPU
		{27DC7B4A-5DF3-4639-88D3-3E0669CFFFE1}.Release|Any CPU.Build.0 = Release|Any CPU
		{27DC7B4A-5DF3-4639-88D3-3E0669CFFFE1}.Release|x64.ActiveCfg = Release|Any CPU
		{27DC7B4A-5DF3-4639-88D3-3E0669CFFFE1}.Release|x64.Build.0 = Release|Any CPU
		{27DC7B4A-5DF3-4639-88D3-3E0669CFFFE1}.Release|x86.ActiveCfg = Release|Any CPU
		{27DC7B4A-5DF3-4639-88D3-3E0669CFFFE1}.Release|x86.Build.0 = Release|Any CPU
		{7341CA78-0CBF-4D82-B6F5-81AFF6C99B53}.Debug|Any CPU.ActiveCfg = Debug|Any CPU
		{7341CA78-0CBF-4D82-B6F5-81AFF6C99B53}.Debug|Any CPU.Build.0 = Debug|Any CPU
		{7341CA78-0CBF-4D82-B6F5-81AFF6C99B53}.Debug|x64.ActiveCfg = Debug|Any CPU
		{7341CA78-0CBF-4D82-B6F5-81AFF6C99B53}.Debug|x64.Build.0 = Debug|Any CPU
		{7341CA78-0CBF-4D82-B6F5-81AFF6C99B53}.Debug|x86.ActiveCfg = Debug|Any CPU
		{7341CA78-0CBF-4D82-B6F5-81AFF6C99B53}.Debug|x86.Build.0 = Debug|Any CPU
		{7341CA78-0CBF-4D82-B6F5-81AFF6C99B53}.Release|Any CPU.ActiveCfg = Release|Any CPU
		{7341CA78-0CBF-4D82-B6F5-81AFF6C99B53}.Release|Any CPU.Build.0 = Release|Any CPU
		{7341CA78-0CBF-4D82-B6F5-81AFF6C99B53}.Release|x64.ActiveCfg = Release|Any CPU
		{7341CA78-0CBF-4D82-B6F5-81AFF6C99B53}.Release|x64.Build.0 = Release|Any CPU
		{7341CA78-0CBF-4D82-B6F5-81AFF6C99B53}.Release|x86.ActiveCfg = Release|Any CPU
		{7341CA78-0CBF-4D82-B6F5-81AFF6C99B53}.Release|x86.Build.0 = Release|Any CPU
		{BC797AD9-758B-4632-B531-81F82AEA8920}.Debug|Any CPU.ActiveCfg = Debug|Any CPU
		{BC797AD9-758B-4632-B531-81F82AEA8920}.Debug|Any CPU.Build.0 = Debug|Any CPU
		{BC797AD9-758B-4632-B531-81F82AEA8920}.Debug|x64.ActiveCfg = Debug|Any CPU
		{BC797AD9-758B-4632-B531-81F82AEA8920}.Debug|x64.Build.0 = Debug|Any CPU
		{BC797AD9-758B-4632-B531-81F82AEA8920}.Debug|x86.ActiveCfg = Debug|Any CPU
		{BC797AD9-758B-4632-B531-81F82AEA8920}.Debug|x86.Build.0 = Debug|Any CPU
		{BC797AD9-758B-4632-B531-81F82AEA8920}.Release|Any CPU.ActiveCfg = Release|Any CPU
		{BC797AD9-758B-4632-B531-81F82AEA8920}.Release|Any CPU.Build.0 = Release|Any CPU
		{BC797AD9-758B-4632-B531-81F82AEA8920}.Release|x64.ActiveCfg = Release|Any CPU
		{BC797AD9-758B-4632-B531-81F82AEA8920}.Release|x64.Build.0 = Release|Any CPU
		{BC797AD9-758B-4632-B531-81F82AEA8920}.Release|x86.ActiveCfg = Release|Any CPU
		{BC797AD9-758B-4632-B531-81F82AEA8920}.Release|x86.Build.0 = Release|Any CPU
		{E6F41035-4D34-4991-A822-C99948896805}.Debug|Any CPU.ActiveCfg = Debug|Any CPU
		{E6F41035-4D34-4991-A822-C99948896805}.Debug|Any CPU.Build.0 = Debug|Any CPU
		{E6F41035-4D34-4991-A822-C99948896805}.Debug|x64.ActiveCfg = Debug|Any CPU
		{E6F41035-4D34-4991-A822-C99948896805}.Debug|x64.Build.0 = Debug|Any CPU
		{E6F41035-4D34-4991-A822-C99948896805}.Debug|x86.ActiveCfg = Debug|Any CPU
		{E6F41035-4D34-4991-A822-C99948896805}.Debug|x86.Build.0 = Debug|Any CPU
		{E6F41035-4D34-4991-A822-C99948896805}.Release|Any CPU.ActiveCfg = Release|Any CPU
		{E6F41035-4D34-4991-A822-C99948896805}.Release|Any CPU.Build.0 = Release|Any CPU
		{E6F41035-4D34-4991-A822-C99948896805}.Release|x64.ActiveCfg = Release|Any CPU
		{E6F41035-4D34-4991-A822-C99948896805}.Release|x64.Build.0 = Release|Any CPU
		{E6F41035-4D34-4991-A822-C99948896805}.Release|x86.ActiveCfg = Release|Any CPU
		{E6F41035-4D34-4991-A822-C99948896805}.Release|x86.Build.0 = Release|Any CPU
		{8E98F2C9-6377-4BF9-847A-5776E6DDC8F7}.Debug|Any CPU.ActiveCfg = Debug|Any CPU
		{8E98F2C9-6377-4BF9-847A-5776E6DDC8F7}.Debug|Any CPU.Build.0 = Debug|Any CPU
		{8E98F2C9-6377-4BF9-847A-5776E6DDC8F7}.Debug|x64.ActiveCfg = Debug|Any CPU
		{8E98F2C9-6377-4BF9-847A-5776E6DDC8F7}.Debug|x64.Build.0 = Debug|Any CPU
		{8E98F2C9-6377-4BF9-847A-5776E6DDC8F7}.Debug|x86.ActiveCfg = Debug|Any CPU
		{8E98F2C9-6377-4BF9-847A-5776E6DDC8F7}.Debug|x86.Build.0 = Debug|Any CPU
		{8E98F2C9-6377-4BF9-847A-5776E6DDC8F7}.Release|Any CPU.ActiveCfg = Release|Any CPU
		{8E98F2C9-6377-4BF9-847A-5776E6DDC8F7}.Release|Any CPU.Build.0 = Release|Any CPU
		{8E98F2C9-6377-4BF9-847A-5776E6DDC8F7}.Release|x64.ActiveCfg = Release|Any CPU
		{8E98F2C9-6377-4BF9-847A-5776E6DDC8F7}.Release|x64.Build.0 = Release|Any CPU
		{8E98F2C9-6377-4BF9-847A-5776E6DDC8F7}.Release|x86.ActiveCfg = Release|Any CPU
		{8E98F2C9-6377-4BF9-847A-5776E6DDC8F7}.Release|x86.Build.0 = Release|Any CPU
		{F19A6338-24F1-445D-908E-EB4AF7CA9A91}.Debug|Any CPU.ActiveCfg = Debug|Any CPU
		{F19A6338-24F1-445D-908E-EB4AF7CA9A91}.Debug|Any CPU.Build.0 = Debug|Any CPU
		{F19A6338-24F1-445D-908E-EB4AF7CA9A91}.Debug|x64.ActiveCfg = Debug|Any CPU
		{F19A6338-24F1-445D-908E-EB4AF7CA9A91}.Debug|x64.Build.0 = Debug|Any CPU
		{F19A6338-24F1-445D-908E-EB4AF7CA9A91}.Debug|x86.ActiveCfg = Debug|Any CPU
		{F19A6338-24F1-445D-908E-EB4AF7CA9A91}.Debug|x86.Build.0 = Debug|Any CPU
		{F19A6338-24F1-445D-908E-EB4AF7CA9A91}.Release|Any CPU.ActiveCfg = Release|Any CPU
		{F19A6338-24F1-445D-908E-EB4AF7CA9A91}.Release|Any CPU.Build.0 = Release|Any CPU
		{F19A6338-24F1-445D-908E-EB4AF7CA9A91}.Release|x64.ActiveCfg = Release|Any CPU
		{F19A6338-24F1-445D-908E-EB4AF7CA9A91}.Release|x64.Build.0 = Release|Any CPU
		{F19A6338-24F1-445D-908E-EB4AF7CA9A91}.Release|x86.ActiveCfg = Release|Any CPU
		{F19A6338-24F1-445D-908E-EB4AF7CA9A91}.Release|x86.Build.0 = Release|Any CPU
		{A3B8E729-E0F2-49BD-B0DC-A0DECDC1D949}.Debug|Any CPU.ActiveCfg = Debug|Any CPU
		{A3B8E729-E0F2-49BD-B0DC-A0DECDC1D949}.Debug|Any CPU.Build.0 = Debug|Any CPU
		{A3B8E729-E0F2-49BD-B0DC-A0DECDC1D949}.Debug|x64.ActiveCfg = Debug|Any CPU
		{A3B8E729-E0F2-49BD-B0DC-A0DECDC1D949}.Debug|x64.Build.0 = Debug|Any CPU
		{A3B8E729-E0F2-49BD-B0DC-A0DECDC1D949}.Debug|x86.ActiveCfg = Debug|Any CPU
		{A3B8E729-E0F2-49BD-B0DC-A0DECDC1D949}.Debug|x86.Build.0 = Debug|Any CPU
		{A3B8E729-E0F2-49BD-B0DC-A0DECDC1D949}.Release|Any CPU.ActiveCfg = Release|Any CPU
		{A3B8E729-E0F2-49BD-B0DC-A0DECDC1D949}.Release|Any CPU.Build.0 = Release|Any CPU
		{A3B8E729-E0F2-49BD-B0DC-A0DECDC1D949}.Release|x64.ActiveCfg = Release|Any CPU
		{A3B8E729-E0F2-49BD-B0DC-A0DECDC1D949}.Release|x64.Build.0 = Release|Any CPU
		{A3B8E729-E0F2-49BD-B0DC-A0DECDC1D949}.Release|x86.ActiveCfg = Release|Any CPU
		{A3B8E729-E0F2-49BD-B0DC-A0DECDC1D949}.Release|x86.Build.0 = Release|Any CPU
		{BBE643D5-8100-4D8C-A1EF-C920D143FB12}.Debug|Any CPU.ActiveCfg = Debug|Any CPU
		{BBE643D5-8100-4D8C-A1EF-C920D143FB12}.Debug|Any CPU.Build.0 = Debug|Any CPU
		{BBE643D5-8100-4D8C-A1EF-C920D143FB12}.Debug|x64.ActiveCfg = Debug|Any CPU
		{BBE643D5-8100-4D8C-A1EF-C920D143FB12}.Debug|x64.Build.0 = Debug|Any CPU
		{BBE643D5-8100-4D8C-A1EF-C920D143FB12}.Debug|x86.ActiveCfg = Debug|Any CPU
		{BBE643D5-8100-4D8C-A1EF-C920D143FB12}.Debug|x86.Build.0 = Debug|Any CPU
		{BBE643D5-8100-4D8C-A1EF-C920D143FB12}.Release|Any CPU.ActiveCfg = Release|Any CPU
		{BBE643D5-8100-4D8C-A1EF-C920D143FB12}.Release|Any CPU.Build.0 = Release|Any CPU
		{BBE643D5-8100-4D8C-A1EF-C920D143FB12}.Release|x64.ActiveCfg = Release|Any CPU
		{BBE643D5-8100-4D8C-A1EF-C920D143FB12}.Release|x64.Build.0 = Release|Any CPU
		{BBE643D5-8100-4D8C-A1EF-C920D143FB12}.Release|x86.ActiveCfg = Release|Any CPU
		{BBE643D5-8100-4D8C-A1EF-C920D143FB12}.Release|x86.Build.0 = Release|Any CPU
		{C4424347-8C0F-4A49-A04C-181B62B7141C}.Debug|Any CPU.ActiveCfg = Debug|Any CPU
		{C4424347-8C0F-4A49-A04C-181B62B7141C}.Debug|Any CPU.Build.0 = Debug|Any CPU
		{C4424347-8C0F-4A49-A04C-181B62B7141C}.Debug|x64.ActiveCfg = Debug|Any CPU
		{C4424347-8C0F-4A49-A04C-181B62B7141C}.Debug|x64.Build.0 = Debug|Any CPU
		{C4424347-8C0F-4A49-A04C-181B62B7141C}.Debug|x86.ActiveCfg = Debug|Any CPU
		{C4424347-8C0F-4A49-A04C-181B62B7141C}.Debug|x86.Build.0 = Debug|Any CPU
		{C4424347-8C0F-4A49-A04C-181B62B7141C}.Release|Any CPU.ActiveCfg = Release|Any CPU
		{C4424347-8C0F-4A49-A04C-181B62B7141C}.Release|Any CPU.Build.0 = Release|Any CPU
		{C4424347-8C0F-4A49-A04C-181B62B7141C}.Release|x64.ActiveCfg = Release|Any CPU
		{C4424347-8C0F-4A49-A04C-181B62B7141C}.Release|x64.Build.0 = Release|Any CPU
		{C4424347-8C0F-4A49-A04C-181B62B7141C}.Release|x86.ActiveCfg = Release|Any CPU
		{C4424347-8C0F-4A49-A04C-181B62B7141C}.Release|x86.Build.0 = Release|Any CPU
		{B1832826-8A8B-41F9-A4FB-1137C299268F}.Debug|Any CPU.ActiveCfg = Debug|Any CPU
		{B1832826-8A8B-41F9-A4FB-1137C299268F}.Debug|Any CPU.Build.0 = Debug|Any CPU
		{B1832826-8A8B-41F9-A4FB-1137C299268F}.Debug|x64.ActiveCfg = Debug|Any CPU
		{B1832826-8A8B-41F9-A4FB-1137C299268F}.Debug|x64.Build.0 = Debug|Any CPU
		{B1832826-8A8B-41F9-A4FB-1137C299268F}.Debug|x86.ActiveCfg = Debug|Any CPU
		{B1832826-8A8B-41F9-A4FB-1137C299268F}.Debug|x86.Build.0 = Debug|Any CPU
		{B1832826-8A8B-41F9-A4FB-1137C299268F}.Release|Any CPU.ActiveCfg = Release|Any CPU
		{B1832826-8A8B-41F9-A4FB-1137C299268F}.Release|Any CPU.Build.0 = Release|Any CPU
		{B1832826-8A8B-41F9-A4FB-1137C299268F}.Release|x64.ActiveCfg = Release|Any CPU
		{B1832826-8A8B-41F9-A4FB-1137C299268F}.Release|x64.Build.0 = Release|Any CPU
		{B1832826-8A8B-41F9-A4FB-1137C299268F}.Release|x86.ActiveCfg = Release|Any CPU
		{B1832826-8A8B-41F9-A4FB-1137C299268F}.Release|x86.Build.0 = Release|Any CPU
		{D5E6F65A-5A89-4332-8C42-D17E083EC1A9}.Debug|Any CPU.ActiveCfg = Debug|Any CPU
		{D5E6F65A-5A89-4332-8C42-D17E083EC1A9}.Debug|Any CPU.Build.0 = Debug|Any CPU
		{D5E6F65A-5A89-4332-8C42-D17E083EC1A9}.Debug|x64.ActiveCfg = Debug|Any CPU
		{D5E6F65A-5A89-4332-8C42-D17E083EC1A9}.Debug|x64.Build.0 = Debug|Any CPU
		{D5E6F65A-5A89-4332-8C42-D17E083EC1A9}.Debug|x86.ActiveCfg = Debug|Any CPU
		{D5E6F65A-5A89-4332-8C42-D17E083EC1A9}.Debug|x86.Build.0 = Debug|Any CPU
		{D5E6F65A-5A89-4332-8C42-D17E083EC1A9}.Release|Any CPU.ActiveCfg = Release|Any CPU
		{D5E6F65A-5A89-4332-8C42-D17E083EC1A9}.Release|Any CPU.Build.0 = Release|Any CPU
		{D5E6F65A-5A89-4332-8C42-D17E083EC1A9}.Release|x64.ActiveCfg = Release|Any CPU
		{D5E6F65A-5A89-4332-8C42-D17E083EC1A9}.Release|x64.Build.0 = Release|Any CPU
		{D5E6F65A-5A89-4332-8C42-D17E083EC1A9}.Release|x86.ActiveCfg = Release|Any CPU
		{D5E6F65A-5A89-4332-8C42-D17E083EC1A9}.Release|x86.Build.0 = Release|Any CPU
		{7C8AC59D-7616-499B-B19B-D5A76562B47D}.Debug|Any CPU.ActiveCfg = Debug|Win32
		{7C8AC59D-7616-499B-B19B-D5A76562B47D}.Debug|x64.ActiveCfg = Debug|x64
		{7C8AC59D-7616-499B-B19B-D5A76562B47D}.Debug|x64.Build.0 = Debug|x64
		{7C8AC59D-7616-499B-B19B-D5A76562B47D}.Debug|x86.ActiveCfg = Debug|Win32
		{7C8AC59D-7616-499B-B19B-D5A76562B47D}.Debug|x86.Build.0 = Debug|Win32
		{7C8AC59D-7616-499B-B19B-D5A76562B47D}.Release|Any CPU.ActiveCfg = Release|Win32
		{7C8AC59D-7616-499B-B19B-D5A76562B47D}.Release|x64.ActiveCfg = Release|x64
		{7C8AC59D-7616-499B-B19B-D5A76562B47D}.Release|x64.Build.0 = Release|x64
		{7C8AC59D-7616-499B-B19B-D5A76562B47D}.Release|x86.ActiveCfg = Release|Win32
		{7C8AC59D-7616-499B-B19B-D5A76562B47D}.Release|x86.Build.0 = Release|Win32
	EndGlobalSection
	GlobalSection(SolutionProperties) = preSolution
		HideSolutionNode = FALSE
	EndGlobalSection
	GlobalSection(ExtensibilityGlobals) = postSolution
		SolutionGuid = {06665E3A-CF26-4880-ACB5-389E5A7E2A79}
	EndGlobalSection
EndGlobal
