
Microsoft Visual Studio Solution File, Format Version 12.00
# Visual Studio Version 16
VisualStudioVersion = 16.0.30114.105
MinimumVisualStudioVersion = 10.0.40219.1
Project("{FAE04EC0-301F-11D3-BF4B-00C04F79EFBC}") = "A", "A\A.csproj", "{E0022086-8A0A-4450-B938-876A452D031E}"
EndProject
Project("{FAE04EC0-301F-11D3-BF4B-00C04F79EFBC}") = "B", "B\B.csproj", "{10D7A927-73AF-48AE-B01C-9C5425C35038}"
EndProject
Project("{FAE04EC0-301F-11D3-BF4B-00C04F79EFBC}") = "C", "C\C.csproj", "{7D986762-DDBA-4952-B06F-976AB75CF9F1}"
EndProject
Project("{FAE04EC0-301F-11D3-BF4B-00C04F79EFBC}") = "D", "D\D.csproj", "{DB0FCBE3-1428-4BE1-BD0B-8B2F6727DC26}"
EndProject
Project("{FAE04EC0-301F-11D3-BF4B-00C04F79EFBC}") = "E", "E\E.csproj", "{CA1DD6B7-D5C2-4C44-AEC0-C8AE61D9AA86}"
EndProject
Project("{FAE04EC0-301F-11D3-BF4B-00C04F79EFBC}") = "F", "F\F.csproj", "{AA47B4CD-5758-475A-BBD9-BE1EF71A702D}"
EndProject
Project("{FAE04EC0-301F-11D3-BF4B-00C04F79EFBC}") = "G", "G\G.csproj", "{FDCB28F2-4DCD-4B1C-AF6F-D39D3A2B1F2D}"
EndProject
Project("{FAE04EC0-301F-11D3-BF4B-00C04F79EFBC}") = "H", "H\H.csproj", "{EB38E7F1-E410-451B-95FE-1A3C9659F68E}"
EndProject
Project("{FAE04EC0-301F-11D3-BF4B-00C04F79EFBC}") = "I", "I\I.csproj", "{5682951B-F0AC-4912-B872-D5EE98A1CE0A}"
EndProject
Project("{FAE04EC0-301F-11D3-BF4B-00C04F79EFBC}") = "J", "J\J.csproj", "{D80C14C2-CB9D-4DE1-9E04-ED8FD1C838D5}"
EndProject
Project("{FAE04EC0-301F-11D3-BF4B-00C04F79EFBC}") = "K", "K\K.csproj", "{1EEF777E-FBB6-4A61-BBB4-10E0F32C6243}"
EndProject
Project("{FAE04EC0-301F-11D3-BF4B-00C04F79EFBC}") = "L", "L\L.csproj", "{69DD4C0F-19A8-40C6-A65D-647E7335FF79}"
EndProject
Project("{FAE04EC0-301F-11D3-BF4B-00C04F79EFBC}") = "M", "M\M.csproj", "{901C345A-D54C-4276-A39A-A4101FC679D1}"
EndProject
Project("{FAE04EC0-301F-11D3-BF4B-00C04F79EFBC}") = "N", "N\N.csproj", "{42670C41-798A-426A-8D4A-9C98D62470A2}"
EndProject
Project("{FAE04EC0-301F-11D3-BF4B-00C04F79EFBC}") = "O", "O\O.csproj", "{63848D4D-A2B6-4516-92F0-E63B7E6B9B60}"
EndProject
Project("{FAE04EC0-301F-11D3-BF4B-00C04F79EFBC}") = "MyLib", "MyLib\MyLib.csproj", "{03F1E3DF-8E6F-4F7D-8CA1-292F354052FC}"
EndProject
Project("{2150E333-8FDC-42A3-9474-1A3956D46DE8}") = "lib", "lib", "{89DA9C68-AB99-4278-8B18-8B34CA217A59}"
	ProjectSection(SolutionItems) = preProject
		MyLib\MyLib.cs = MyLib\MyLib.cs
	EndProjectSection
EndProject
Global
	GlobalSection(SolutionConfigurationPlatforms) = preSolution
		Debug|Any CPU = Debug|Any CPU
		Release|Any CPU = Release|Any CPU
	EndGlobalSection
	GlobalSection(ProjectConfigurationPlatforms) = postSolution
		{E0022086-8A0A-4450-B938-876A452D031E}.Debug|Any CPU.ActiveCfg = Debug|Any CPU
		{E0022086-8A0A-4450-B938-876A452D031E}.Debug|Any CPU.Build.0 = Debug|Any CPU
		{E0022086-8A0A-4450-B938-876A452D031E}.Release|Any CPU.ActiveCfg = Release|Any CPU
		{E0022086-8A0A-4450-B938-876A452D031E}.Release|Any CPU.Build.0 = Release|Any CPU
		{10D7A927-73AF-48AE-B01C-9C5425C35038}.Debug|Any CPU.ActiveCfg = Debug|Any CPU
		{10D7A927-73AF-48AE-B01C-9C5425C35038}.Debug|Any CPU.Build.0 = Debug|Any CPU
		{10D7A927-73AF-48AE-B01C-9C5425C35038}.Release|Any CPU.ActiveCfg = Release|Any CPU
		{10D7A927-73AF-48AE-B01C-9C5425C35038}.Release|Any CPU.Build.0 = Release|Any CPU
		{7D986762-DDBA-4952-B06F-976AB75CF9F1}.Debug|Any CPU.ActiveCfg = Debug|Any CPU
		{7D986762-DDBA-4952-B06F-976AB75CF9F1}.Debug|Any CPU.Build.0 = Debug|Any CPU
		{7D986762-DDBA-4952-B06F-976AB75CF9F1}.Release|Any CPU.ActiveCfg = Release|Any CPU
		{7D986762-DDBA-4952-B06F-976AB75CF9F1}.Release|Any CPU.Build.0 = Release|Any CPU
		{DB0FCBE3-1428-4BE1-BD0B-8B2F6727DC26}.Debug|Any CPU.ActiveCfg = Debug|Any CPU
		{DB0FCBE3-1428-4BE1-BD0B-8B2F6727DC26}.Debug|Any CPU.Build.0 = Debug|Any CPU
		{DB0FCBE3-1428-4BE1-BD0B-8B2F6727DC26}.Release|Any CPU.ActiveCfg = Release|Any CPU
		{DB0FCBE3-1428-4BE1-BD0B-8B2F6727DC26}.Release|Any CPU.Build.0 = Release|Any CPU
		{CA1DD6B7-D5C2-4C44-AEC0-C8AE61D9AA86}.Debug|Any CPU.ActiveCfg = Debug|Any CPU
		{CA1DD6B7-D5C2-4C44-AEC0-C8AE61D9AA86}.Debug|Any CPU.Build.0 = Debug|Any CPU
		{CA1DD6B7-D5C2-4C44-AEC0-C8AE61D9AA86}.Release|Any CPU.ActiveCfg = Release|Any CPU
		{CA1DD6B7-D5C2-4C44-AEC0-C8AE61D9AA86}.Release|Any CPU.Build.0 = Release|Any CPU
		{AA47B4CD-5758-475A-BBD9-BE1EF71A702D}.Debug|Any CPU.ActiveCfg = Debug|Any CPU
		{AA47B4CD-5758-475A-BBD9-BE1EF71A702D}.Debug|Any CPU.Build.0 = Debug|Any CPU
		{AA47B4CD-5758-475A-BBD9-BE1EF71A702D}.Release|Any CPU.ActiveCfg = Release|Any CPU
		{AA47B4CD-5758-475A-BBD9-BE1EF71A702D}.Release|Any CPU.Build.0 = Release|Any CPU
		{FDCB28F2-4DCD-4B1C-AF6F-D39D3A2B1F2D}.Debug|Any CPU.ActiveCfg = Debug|Any CPU
		{FDCB28F2-4DCD-4B1C-AF6F-D39D3A2B1F2D}.Debug|Any CPU.Build.0 = Debug|Any CPU
		{FDCB28F2-4DCD-4B1C-AF6F-D39D3A2B1F2D}.Release|Any CPU.ActiveCfg = Release|Any CPU
		{FDCB28F2-4DCD-4B1C-AF6F-D39D3A2B1F2D}.Release|Any CPU.Build.0 = Release|Any CPU
		{EB38E7F1-E410-451B-95FE-1A3C9659F68E}.Debug|Any CPU.ActiveCfg = Debug|Any CPU
		{EB38E7F1-E410-451B-95FE-1A3C9659F68E}.Debug|Any CPU.Build.0 = Debug|Any CPU
		{EB38E7F1-E410-451B-95FE-1A3C9659F68E}.Release|Any CPU.ActiveCfg = Release|Any CPU
		{EB38E7F1-E410-451B-95FE-1A3C9659F68E}.Release|Any CPU.Build.0 = Release|Any CPU
		{5682951B-F0AC-4912-B872-D5EE98A1CE0A}.Debug|Any CPU.ActiveCfg = Debug|Any CPU
		{5682951B-F0AC-4912-B872-D5EE98A1CE0A}.Debug|Any CPU.Build.0 = Debug|Any CPU
		{5682951B-F0AC-4912-B872-D5EE98A1CE0A}.Release|Any CPU.ActiveCfg = Release|Any CPU
		{5682951B-F0AC-4912-B872-D5EE98A1CE0A}.Release|Any CPU.Build.0 = Release|Any CPU
		{D80C14C2-CB9D-4DE1-9E04-ED8FD1C838D5}.Debug|Any CPU.ActiveCfg = Debug|Any CPU
		{D80C14C2-CB9D-4DE1-9E04-ED8FD1C838D5}.Debug|Any CPU.Build.0 = Debug|Any CPU
		{D80C14C2-CB9D-4DE1-9E04-ED8FD1C838D5}.Release|Any CPU.ActiveCfg = Release|Any CPU
		{D80C14C2-CB9D-4DE1-9E04-ED8FD1C838D5}.Release|Any CPU.Build.0 = Release|Any CPU
		{1EEF777E-FBB6-4A61-BBB4-10E0F32C6243}.Debug|Any CPU.ActiveCfg = Debug|Any CPU
		{1EEF777E-FBB6-4A61-BBB4-10E0F32C6243}.Debug|Any CPU.Build.0 = Debug|Any CPU
		{1EEF777E-FBB6-4A61-BBB4-10E0F32C6243}.Release|Any CPU.ActiveCfg = Release|Any CPU
		{1EEF777E-FBB6-4A61-BBB4-10E0F32C6243}.Release|Any CPU.Build.0 = Release|Any CPU
		{69DD4C0F-19A8-40C6-A65D-647E7335FF79}.Debug|Any CPU.ActiveCfg = Debug|Any CPU
		{69DD4C0F-19A8-40C6-A65D-647E7335FF79}.Debug|Any CPU.Build.0 = Debug|Any CPU
		{69DD4C0F-19A8-40C6-A65D-647E7335FF79}.Release|Any CPU.ActiveCfg = Release|Any CPU
		{69DD4C0F-19A8-40C6-A65D-647E7335FF79}.Release|Any CPU.Build.0 = Release|Any CPU
		{901C345A-D54C-4276-A39A-A4101FC679D1}.Debug|Any CPU.ActiveCfg = Debug|Any CPU
		{901C345A-D54C-4276-A39A-A4101FC679D1}.Debug|Any CPU.Build.0 = Debug|Any CPU
		{901C345A-D54C-4276-A39A-A4101FC679D1}.Release|Any CPU.ActiveCfg = Release|Any CPU
		{901C345A-D54C-4276-A39A-A4101FC679D1}.Release|Any CPU.Build.0 = Release|Any CPU
		{42670C41-798A-426A-8D4A-9C98D62470A2}.Debug|Any CPU.ActiveCfg = Debug|Any CPU
		{42670C41-798A-426A-8D4A-9C98D62470A2}.Debug|Any CPU.Build.0 = Debug|Any CPU
		{42670C41-798A-426A-8D4A-9C98D62470A2}.Release|Any CPU.ActiveCfg = Release|Any CPU
		{42670C41-798A-426A-8D4A-9C98D62470A2}.Release|Any CPU.Build.0 = Release|Any CPU
		{63848D4D-A2B6-4516-92F0-E63B7E6B9B60}.Debug|Any CPU.ActiveCfg = Debug|Any CPU
		{63848D4D-A2B6-4516-92F0-E63B7E6B9B60}.Debug|Any CPU.Build.0 = Debug|Any CPU
		{63848D4D-A2B6-4516-92F0-E63B7E6B9B60}.Release|Any CPU.ActiveCfg = Release|Any CPU
		{63848D4D-A2B6-4516-92F0-E63B7E6B9B60}.Release|Any CPU.Build.0 = Release|Any CPU
		{03F1E3DF-8E6F-4F7D-8CA1-292F354052FC}.Debug|Any CPU.ActiveCfg = Debug|Any CPU
		{03F1E3DF-8E6F-4F7D-8CA1-292F354052FC}.Debug|Any CPU.Build.0 = Debug|Any CPU
		{03F1E3DF-8E6F-4F7D-8CA1-292F354052FC}.Release|Any CPU.ActiveCfg = Release|Any CPU
		{03F1E3DF-8E6F-4F7D-8CA1-292F354052FC}.Release|Any CPU.Build.0 = Release|Any CPU
	EndGlobalSection
	GlobalSection(SolutionProperties) = preSolution
		HideSolutionNode = FALSE
	EndGlobalSection
	GlobalSection(ExtensibilityGlobals) = postSolution
		SolutionGuid = {9E5F5AD1-2EFF-4BBA-B188-1138AD24DB2B}
	EndGlobalSection
EndGlobal
